// !$*UTF8*$!
{
	archiveVersion = 1;
	classes = {
	};
	objectVersion = 55;
	objects = {

/* Begin PBXBuildFile section */
		AAC8C1962769221000A81DD0 /* AppDelegate.swift in Sources */ = {isa = PBXBuildFile; fileRef = AAC8C1952769221000A81DD0 /* AppDelegate.swift */; };
		AAC8C1982769221000A81DD0 /* SceneDelegate.swift in Sources */ = {isa = PBXBuildFile; fileRef = AAC8C1972769221000A81DD0 /* SceneDelegate.swift */; };
		AAC8C19A2769221000A81DD0 /* HomeViewController.swift in Sources */ = {isa = PBXBuildFile; fileRef = AAC8C1992769221000A81DD0 /* HomeViewController.swift */; };
		AAC8C19D2769221000A81DD0 /* Main.storyboard in Resources */ = {isa = PBXBuildFile; fileRef = AAC8C19B2769221000A81DD0 /* Main.storyboard */; };
		AAC8C19F2769221200A81DD0 /* Assets.xcassets in Resources */ = {isa = PBXBuildFile; fileRef = AAC8C19E2769221200A81DD0 /* Assets.xcassets */; };
		AAC8C1A22769221200A81DD0 /* LaunchScreen.storyboard in Resources */ = {isa = PBXBuildFile; fileRef = AAC8C1A02769221200A81DD0 /* LaunchScreen.storyboard */; };
		AAC8C1AA276924FF00A81DD0 /* RecordViewController.swift in Sources */ = {isa = PBXBuildFile; fileRef = AAC8C1A9276924FF00A81DD0 /* RecordViewController.swift */; };
		AAC8C1AC2769251700A81DD0 /* CallAIViewController.swift in Sources */ = {isa = PBXBuildFile; fileRef = AAC8C1AB2769251700A81DD0 /* CallAIViewController.swift */; };
		AAC8C1AE276925E100A81DD0 /* VideoHelper.swift in Sources */ = {isa = PBXBuildFile; fileRef = AAC8C1AD276925E100A81DD0 /* VideoHelper.swift */; };
/* End PBXBuildFile section */

/* Begin PBXFileReference section */
		AAC8C1922769221000A81DD0 /* TabCameraTennis.app */ = {isa = PBXFileReference; explicitFileType = wrapper.application; includeInIndex = 0; path = TabCameraTennis.app; sourceTree = BUILT_PRODUCTS_DIR; };
		AAC8C1952769221000A81DD0 /* AppDelegate.swift */ = {isa = PBXFileReference; lastKnownFileType = sourcecode.swift; path = AppDelegate.swift; sourceTree = "<group>"; };
		AAC8C1972769221000A81DD0 /* SceneDelegate.swift */ = {isa = PBXFileReference; lastKnownFileType = sourcecode.swift; path = SceneDelegate.swift; sourceTree = "<group>"; };
		AAC8C1992769221000A81DD0 /* HomeViewController.swift */ = {isa = PBXFileReference; lastKnownFileType = sourcecode.swift; path = HomeViewController.swift; sourceTree = "<group>"; };
		AAC8C19C2769221000A81DD0 /* Base */ = {isa = PBXFileReference; lastKnownFileType = file.storyboard; name = Base; path = Base.lproj/Main.storyboard; sourceTree = "<group>"; };
		AAC8C19E2769221200A81DD0 /* Assets.xcassets */ = {isa = PBXFileReference; lastKnownFileType = folder.assetcatalog; path = Assets.xcassets; sourceTree = "<group>"; };
		AAC8C1A12769221200A81DD0 /* Base */ = {isa = PBXFileReference; lastKnownFileType = file.storyboard; name = Base; path = Base.lproj/LaunchScreen.storyboard; sourceTree = "<group>"; };
		AAC8C1A32769221200A81DD0 /* Info.plist */ = {isa = PBXFileReference; lastKnownFileType = text.plist.xml; path = Info.plist; sourceTree = "<group>"; };
		AAC8C1A9276924FF00A81DD0 /* RecordViewController.swift */ = {isa = PBXFileReference; lastKnownFileType = sourcecode.swift; path = RecordViewController.swift; sourceTree = "<group>"; };
		AAC8C1AB2769251700A81DD0 /* CallAIViewController.swift */ = {isa = PBXFileReference; lastKnownFileType = sourcecode.swift; path = CallAIViewController.swift; sourceTree = "<group>"; };
		AAC8C1AD276925E100A81DD0 /* VideoHelper.swift */ = {isa = PBXFileReference; lastKnownFileType = sourcecode.swift; path = VideoHelper.swift; sourceTree = "<group>"; };
/* End PBXFileReference section */

/* Begin PBXFrameworksBuildPhase section */
		AAC8C18F2769221000A81DD0 /* Frameworks */ = {
			isa = PBXFrameworksBuildPhase;
			buildActionMask = 2147483647;
			files = (
			);
			runOnlyForDeploymentPostprocessing = 0;
		};
/* End PBXFrameworksBuildPhase section */

/* Begin PBXGroup section */
		AAC8C1892769221000A81DD0 = {
			isa = PBXGroup;
			children = (
				AAC8C1942769221000A81DD0 /* TabCameraTennis */,
				AAC8C1932769221000A81DD0 /* Products */,
			);
			sourceTree = "<group>";
		};
		AAC8C1932769221000A81DD0 /* Products */ = {
			isa = PBXGroup;
			children = (
				AAC8C1922769221000A81DD0 /* TabCameraTennis.app */,
			);
			name = Products;
			sourceTree = "<group>";
		};
		AAC8C1942769221000A81DD0 /* TabCameraTennis */ = {
			isa = PBXGroup;
			children = (
				AAC8C1952769221000A81DD0 /* AppDelegate.swift */,
				AAC8C1972769221000A81DD0 /* SceneDelegate.swift */,
				AAC8C1992769221000A81DD0 /* HomeViewController.swift */,
				AAC8C1AD276925E100A81DD0 /* VideoHelper.swift */,
				AAC8C1A9276924FF00A81DD0 /* RecordViewController.swift */,
				AAC8C1AB2769251700A81DD0 /* CallAIViewController.swift */,
				AAC8C19B2769221000A81DD0 /* Main.storyboard */,
				AAC8C19E2769221200A81DD0 /* Assets.xcassets */,
				AAC8C1A02769221200A81DD0 /* LaunchScreen.storyboard */,
				AAC8C1A32769221200A81DD0 /* Info.plist */,
			);
			path = TabCameraTennis;
			sourceTree = "<group>";
		};
/* End PBXGroup section */

/* Begin PBXNativeTarget section */
		AAC8C1912769221000A81DD0 /* TabCameraTennis */ = {
			isa = PBXNativeTarget;
			buildConfigurationList = AAC8C1A62769221200A81DD0 /* Build configuration list for PBXNativeTarget "TabCameraTennis" */;
			buildPhases = (
				AAC8C18E2769221000A81DD0 /* Sources */,
				AAC8C18F2769221000A81DD0 /* Frameworks */,
				AAC8C1902769221000A81DD0 /* Resources */,
			);
			buildRules = (
			);
			dependencies = (
			);
			name = TabCameraTennis;
			productName = TabCameraTennis;
			productReference = AAC8C1922769221000A81DD0 /* TabCameraTennis.app */;
			productType = "com.apple.product-type.application";
		};
/* End PBXNativeTarget section */

/* Begin PBXProject section */
		AAC8C18A2769221000A81DD0 /* Project object */ = {
			isa = PBXProject;
			attributes = {
				BuildIndependentTargetsInParallel = 1;
				LastSwiftUpdateCheck = 1310;
				LastUpgradeCheck = 1310;
				TargetAttributes = {
					AAC8C1912769221000A81DD0 = {
						CreatedOnToolsVersion = 13.1;
					};
				};
			};
			buildConfigurationList = AAC8C18D2769221000A81DD0 /* Build configuration list for PBXProject "TabCameraTennis" */;
			compatibilityVersion = "Xcode 13.0";
			developmentRegion = en;
			hasScannedForEncodings = 0;
			knownRegions = (
				en,
				Base,
			);
			mainGroup = AAC8C1892769221000A81DD0;
			productRefGroup = AAC8C1932769221000A81DD0 /* Products */;
			projectDirPath = "";
			projectRoot = "";
			targets = (
				AAC8C1912769221000A81DD0 /* TabCameraTennis */,
			);
		};
/* End PBXProject section */

/* Begin PBXResourcesBuildPhase section */
		AAC8C1902769221000A81DD0 /* Resources */ = {
			isa = PBXResourcesBuildPhase;
			buildActionMask = 2147483647;
			files = (
				AAC8C1A22769221200A81DD0 /* LaunchScreen.storyboard in Resources */,
				AAC8C19F2769221200A81DD0 /* Assets.xcassets in Resources */,
				AAC8C19D2769221000A81DD0 /* Main.storyboard in Resources */,
			);
			runOnlyForDeploymentPostprocessing = 0;
		};
/* End PBXResourcesBuildPhase section */

/* Begin PBXSourcesBuildPhase section */
		AAC8C18E2769221000A81DD0 /* Sources */ = {
			isa = PBXSourcesBuildPhase;
			buildActionMask = 2147483647;
			files = (
				AAC8C19A2769221000A81DD0 /* HomeViewController.swift in Sources */,
				AAC8C1962769221000A81DD0 /* AppDelegate.swift in Sources */,
				AAC8C1982769221000A81DD0 /* SceneDelegate.swift in Sources */,
				AAC8C1AE276925E100A81DD0 /* VideoHelper.swift in Sources */,
				AAC8C1AC2769251700A81DD0 /* CallAIViewController.swift in Sources */,
				AAC8C1AA276924FF00A81DD0 /* RecordViewController.swift in Sources */,
			);
			runOnlyForDeploymentPostprocessing = 0;
		};
/* End PBXSourcesBuildPhase section */

/* Begin PBXVariantGroup section */
		AAC8C19B2769221000A81DD0 /* Main.storyboard */ = {
			isa = PBXVariantGroup;
			children = (
				AAC8C19C2769221000A81DD0 /* Base */,
			);
			name = Main.storyboard;
			sourceTree = "<group>";
		};
		AAC8C1A02769221200A81DD0 /* LaunchScreen.storyboard */ = {
			isa = PBXVariantGroup;
			children = (
				AAC8C1A12769221200A81DD0 /* Base */,
			);
			name = LaunchScreen.storyboard;
			sourceTree = "<group>";
		};
/* End PBXVariantGroup section */

/* Begin XCBuildConfiguration section */
		AAC8C1A42769221200A81DD0 /* Debug */ = {
			isa = XCBuildConfiguration;
			buildSettings = {
				ALWAYS_SEARCH_USER_PATHS = NO;
				CLANG_ANALYZER_NONNULL = YES;
				CLANG_ANALYZER_NUMBER_OBJECT_CONVERSION = YES_AGGRESSIVE;
				CLANG_CXX_LANGUAGE_STANDARD = "gnu++17";
				CLANG_CXX_LIBRARY = "libc++";
				CLANG_ENABLE_MODULES = YES;
				CLANG_ENABLE_OBJC_ARC = YES;
				CLANG_ENABLE_OBJC_WEAK = YES;
				CLANG_WARN_BLOCK_CAPTURE_AUTORELEASING = YES;
				CLANG_WARN_BOOL_CONVERSION = YES;
				CLANG_WARN_COMMA = YES;
				CLANG_WARN_CONSTANT_CONVERSION = YES;
				CLANG_WARN_DEPRECATED_OBJC_IMPLEMENTATIONS = YES;
				CLANG_WARN_DIRECT_OBJC_ISA_USAGE = YES_ERROR;
				CLANG_WARN_DOCUMENTATION_COMMENTS = YES;
				CLANG_WARN_EMPTY_BODY = YES;
				CLANG_WARN_ENUM_CONVERSION = YES;
				CLANG_WARN_INFINITE_RECURSION = YES;
				CLANG_WARN_INT_CONVERSION = YES;
				CLANG_WARN_NON_LITERAL_NULL_CONVERSION = YES;
				CLANG_WARN_OBJC_IMPLICIT_RETAIN_SELF = YES;
				CLANG_WARN_OBJC_LITERAL_CONVERSION = YES;
				CLANG_WARN_OBJC_ROOT_CLASS = YES_ERROR;
				CLANG_WARN_QUOTED_INCLUDE_IN_FRAMEWORK_HEADER = YES;
				CLANG_WARN_RANGE_LOOP_ANALYSIS = YES;
				CLANG_WARN_STRICT_PROTOTYPES = YES;
				CLANG_WARN_SUSPICIOUS_MOVE = YES;
				CLANG_WARN_UNGUARDED_AVAILABILITY = YES_AGGRESSIVE;
				CLANG_WARN_UNREACHABLE_CODE = YES;
				CLANG_WARN__DUPLICATE_METHOD_MATCH = YES;
				COPY_PHASE_STRIP = NO;
				DEBUG_INFORMATION_FORMAT = dwarf;
				ENABLE_STRICT_OBJC_MSGSEND = YES;
				ENABLE_TESTABILITY = YES;
				GCC_C_LANGUAGE_STANDARD = gnu11;
				GCC_DYNAMIC_NO_PIC = NO;
				GCC_NO_COMMON_BLOCKS = YES;
				GCC_OPTIMIZATION_LEVEL = 0;
				GCC_PREPROCESSOR_DEFINITIONS = (
					"DEBUG=1",
					"$(inherited)",
				);
				GCC_WARN_64_TO_32_BIT_CONVERSION = YES;
				GCC_WARN_ABOUT_RETURN_TYPE = YES_ERROR;
				GCC_WARN_UNDECLARED_SELECTOR = YES;
				GCC_WARN_UNINITIALIZED_AUTOS = YES_AGGRESSIVE;
				GCC_WARN_UNUSED_FUNCTION = YES;
				GCC_WARN_UNUSED_VARIABLE = YES;
				IPHONEOS_DEPLOYMENT_TARGET = 15.0;
				MTL_ENABLE_DEBUG_INFO = INCLUDE_SOURCE;
				MTL_FAST_MATH = YES;
				ONLY_ACTIVE_ARCH = YES;
				SDKROOT = iphoneos;
				SWIFT_ACTIVE_COMPILATION_CONDITIONS = DEBUG;
				SWIFT_OPTIMIZATION_LEVEL = "-Onone";
			};
			name = Debug;
		};
		AAC8C1A52769221200A81DD0 /* Release */ = {
			isa = XCBuildConfiguration;
			buildSettings = {
				ALWAYS_SEARCH_USER_PATHS = NO;
				CLANG_ANALYZER_NONNULL = YES;
				CLANG_ANALYZER_NUMBER_OBJECT_CONVERSION = YES_AGGRESSIVE;
				CLANG_CXX_LANGUAGE_STANDARD = "gnu++17";
				CLANG_CXX_LIBRARY = "libc++";
				CLANG_ENABLE_MODULES = YES;
				CLANG_ENABLE_OBJC_ARC = YES;
				CLANG_ENABLE_OBJC_WEAK = YES;
				CLANG_WARN_BLOCK_CAPTURE_AUTORELEASING = YES;
				CLANG_WARN_BOOL_CONVERSION = YES;
				CLANG_WARN_COMMA = YES;
				CLANG_WARN_CONSTANT_CONVERSION = YES;
				CLANG_WARN_DEPRECATED_OBJC_IMPLEMENTATIONS = YES;
				CLANG_WARN_DIRECT_OBJC_ISA_USAGE = YES_ERROR;
				CLANG_WARN_DOCUMENTATION_COMMENTS = YES;
				CLANG_WARN_EMPTY_BODY = YES;
				CLANG_WARN_ENUM_CONVERSION = YES;
				CLANG_WARN_INFINITE_RECURSION = YES;
				CLANG_WARN_INT_CONVERSION = YES;
				CLANG_WARN_NON_LITERAL_NULL_CONVERSION = YES;
				CLANG_WARN_OBJC_IMPLICIT_RETAIN_SELF = YES;
				CLANG_WARN_OBJC_LITERAL_CONVERSION = YES;
				CLANG_WARN_OBJC_ROOT_CLASS = YES_ERROR;
				CLANG_WARN_QUOTED_INCLUDE_IN_FRAMEWORK_HEADER = YES;
				CLANG_WARN_RANGE_LOOP_ANALYSIS = YES;
				CLANG_WARN_STRICT_PROTOTYPES = YES;
				CLANG_WARN_SUSPICIOUS_MOVE = YES;
				CLANG_WARN_UNGUARDED_AVAILABILITY = YES_AGGRESSIVE;
				CLANG_WARN_UNREACHABLE_CODE = YES;
				CLANG_WARN__DUPLICATE_METHOD_MATCH = YES;
				COPY_PHASE_STRIP = NO;
				DEBUG_INFORMATION_FORMAT = "dwarf-with-dsym";
				ENABLE_NS_ASSERTIONS = NO;
				ENABLE_STRICT_OBJC_MSGSEND = YES;
				GCC_C_LANGUAGE_STANDARD = gnu11;
				GCC_NO_COMMON_BLOCKS = YES;
				GCC_WARN_64_TO_32_BIT_CONVERSION = YES;
				GCC_WARN_ABOUT_RETURN_TYPE = YES_ERROR;
				GCC_WARN_UNDECLARED_SELECTOR = YES;
				GCC_WARN_UNINITIALIZED_AUTOS = YES_AGGRESSIVE;
				GCC_WARN_UNUSED_FUNCTION = YES;
				GCC_WARN_UNUSED_VARIABLE = YES;
				IPHONEOS_DEPLOYMENT_TARGET = 15.0;
				MTL_ENABLE_DEBUG_INFO = NO;
				MTL_FAST_MATH = YES;
				SDKROOT = iphoneos;
				SWIFT_COMPILATION_MODE = wholemodule;
				SWIFT_OPTIMIZATION_LEVEL = "-O";
				VALIDATE_PRODUCT = YES;
			};
			name = Release;
		};
		AAC8C1A72769221200A81DD0 /* Debug */ = {
			isa = XCBuildConfiguration;
			buildSettings = {
				ASSETCATALOG_COMPILER_APPICON_NAME = AppIcon;
				ASSETCATALOG_COMPILER_GLOBAL_ACCENT_COLOR_NAME = AccentColor;
				CODE_SIGN_STYLE = Automatic;
				CURRENT_PROJECT_VERSION = 1;
				DEVELOPMENT_TEAM = T4JB96P77H;
				GENERATE_INFOPLIST_FILE = YES;
				INFOPLIST_FILE = TabCameraTennis/Info.plist;
				INFOPLIST_KEY_NSCameraUsageDescription = "App needs to record tennis videos";
				INFOPLIST_KEY_NSMicrophoneUsageDescription = "App needs to record audio for tennis videos";
				INFOPLIST_KEY_NSPhotoLibraryAddUsageDescription = "App needs to save tennis videos";
				INFOPLIST_KEY_NSPhotoLibraryUsageDescription = "App needs to load videos from Library (not needed?)";
				INFOPLIST_KEY_UIApplicationSupportsIndirectInputEvents = YES;
				INFOPLIST_KEY_UILaunchStoryboardName = LaunchScreen;
				INFOPLIST_KEY_UIMainStoryboardFile = Main;
				INFOPLIST_KEY_UISupportedInterfaceOrientations_iPad = "UIInterfaceOrientationPortrait UIInterfaceOrientationPortraitUpsideDown UIInterfaceOrientationLandscapeLeft UIInterfaceOrientationLandscapeRight";
				INFOPLIST_KEY_UISupportedInterfaceOrientations_iPhone = "UIInterfaceOrientationPortrait UIInterfaceOrientationLandscapeLeft UIInterfaceOrientationLandscapeRight";
				LD_RUNPATH_SEARCH_PATHS = (
					"$(inherited)",
					"@executable_path/Frameworks",
				);
				MARKETING_VERSION = 1.0;
				PRODUCT_BUNDLE_IDENTIFIER = world.aiclub.TabCameraTennis;
				PRODUCT_NAME = "$(TARGET_NAME)";
				SWIFT_EMIT_LOC_STRINGS = YES;
				SWIFT_VERSION = 5.0;
				TARGETED_DEVICE_FAMILY = "1,2";
			};
			name = Debug;
		};
		AAC8C1A82769221200A81DD0 /* Release */ = {
			isa = XCBuildConfiguration;
			buildSettings = {
				ASSETCATALOG_COMPILER_APPICON_NAME = AppIcon;
				ASSETCATALOG_COMPILER_GLOBAL_ACCENT_COLOR_NAME = AccentColor;
				CODE_SIGN_STYLE = Automatic;
				CURRENT_PROJECT_VERSION = 1;
				DEVELOPMENT_TEAM = T4JB96P77H;
				GENERATE_INFOPLIST_FILE = YES;
				INFOPLIST_FILE = TabCameraTennis/Info.plist;
				INFOPLIST_KEY_NSCameraUsageDescription = "App needs to record tennis videos";
				INFOPLIST_KEY_NSMicrophoneUsageDescription = "App needs to record audio for tennis videos";
				INFOPLIST_KEY_NSPhotoLibraryAddUsageDescription = "App needs to save tennis videos";
				INFOPLIST_KEY_NSPhotoLibraryUsageDescription = "App needs to load videos from Library (not needed?)";
				INFOPLIST_KEY_UIApplicationSupportsIndirectInputEvents = YES;
				INFOPLIST_KEY_UILaunchStoryboardName = LaunchScreen;
				INFOPLIST_KEY_UIMainStoryboardFile = Main;
				INFOPLIST_KEY_UISupportedInterfaceOrientations_iPad = "UIInterfaceOrientationPortrait UIInterfaceOrientationPortraitUpsideDown UIInterfaceOrientationLandscapeLeft UIInterfaceOrientationLandscapeRight";
				INFOPLIST_KEY_UISupportedInterfaceOrientations_iPhone = "UIInterfaceOrientationPortrait UIInterfaceOrientationLandscapeLeft UIInterfaceOrientationLandscapeRight";
				LD_RUNPATH_SEARCH_PATHS = (
					"$(inherited)",
					"@executable_path/Frameworks",
				);
				MARKETING_VERSION = 1.0;
				PRODUCT_BUNDLE_IDENTIFIER = world.aiclub.TabCameraTennis;
				PRODUCT_NAME = "$(TARGET_NAME)";
				SWIFT_EMIT_LOC_STRINGS = YES;
				SWIFT_VERSION = 5.0;
				TARGETED_DEVICE_FAMILY = "1,2";
			};
			name = Release;
		};
/* End XCBuildConfiguration section */

/* Begin XCConfigurationList section */
		AAC8C18D2769221000A81DD0 /* Build configuration list for PBXProject "TabCameraTennis" */ = {
			isa = XCConfigurationList;
			buildConfigurations = (
				AAC8C1A42769221200A81DD0 /* Debug */,
				AAC8C1A52769221200A81DD0 /* Release */,
			);
			defaultConfigurationIsVisible = 0;
			defaultConfigurationName = Release;
		};
		AAC8C1A62769221200A81DD0 /* Build configuration list for PBXNativeTarget "TabCameraTennis" */ = {
			isa = XCConfigurationList;
			buildConfigurations = (
				AAC8C1A72769221200A81DD0 /* Debug */,
				AAC8C1A82769221200A81DD0 /* Release */,
			);
			defaultConfigurationIsVisible = 0;
			defaultConfigurationName = Release;
		};
/* End XCConfigurationList section */
	};
	rootObject = AAC8C18A2769221000A81DD0 /* Project object */;
}
